
Microsoft Visual Studio Solution File, Format Version 12.00
# Visual Studio Express 2012 for Windows Desktop
Project("{8BC9CEB8-8B4A-11D0-8D11-00A0C91BC942}") = "Tester", "Tester.vcxproj", "{A453BD68-AB8A-4DD5-A4D3-19114F511FAF}"
	ProjectSection(ProjectDependencies) = postProject
		{1CBD4BF0-C68C-48E4-BBFC-FD2CC7C0680E} = {1CBD4BF0-C68C-48E4-BBFC-FD2CC7C0680E}
	EndProjectSection
EndProject
Project("{8BC9CEB8-8B4A-11D0-8D11-00A0C91BC942}") = "SppTopWin", "..\SppTopWin\SppTopWin.vcxproj", "{1CBD4BF0-C68C-48E4-BBFC-FD2CC7C0680E}"
EndProject
Global
	GlobalSection(SolutionConfigurationPlatforms) = preSolution
		Debug|Mixed Platforms = Debug|Mixed Platforms
		Debug|Win32 = Debug|Win32
		Debug|x64 = Debug|x64
		Release|Mixed Platforms = Release|Mixed Platforms
		Release|Win32 = Release|Win32
		Release|x64 = Release|x64
	EndGlobalSection
	GlobalSection(ProjectConfigurationPlatforms) = postSolution
		{A453BD68-AB8A-4DD5-A4D3-19114F511FAF}.Debug|Mixed Platforms.ActiveCfg = Debug|Win32
		{A453BD68-AB8A-4DD5-A4D3-19114F511FAF}.Debug|Mixed Platforms.Build.0 = Debug|Win32
		{A453BD68-AB8A-4DD5-A4D3-19114F511FAF}.Debug|Win32.ActiveCfg = Debug|Win32
		{A453BD68-AB8A-4DD5-A4D3-19114F511FAF}.Debug|Win32.Build.0 = Debug|Win32
		{A453BD68-AB8A-4DD5-A4D3-19114F511FAF}.Debug|x64.ActiveCfg = Debug|x64
		{A453BD68-AB8A-4DD5-A4D3-19114F511FAF}.Debug|x64.Build.0 = Debug|x64
		{A453BD68-AB8A-4DD5-A4D3-19114F511FAF}.Release|Mixed Platforms.ActiveCfg = Release|Win32
		{A453BD68-AB8A-4DD5-A4D3-19114F511FAF}.Release|Mixed Platforms.Build.0 = Release|Win32
		{A453BD68-AB8A-4DD5-A4D3-19114F511FAF}.Release|Win32.ActiveCfg = Release|Win32
		{A453BD68-AB8A-4DD5-A4D3-19114F511FAF}.Release|Win32.Build.0 = Release|Win32
		{A453BD68-AB8A-4DD5-A4D3-19114F511FAF}.Release|x64.ActiveCfg = Release|x64
		{A453BD68-AB8A-4DD5-A4D3-19114F511FAF}.Release|x64.Build.0 = Release|x64
		{1CBD4BF0-C68C-48E4-BBFC-FD2CC7C0680E}.Debug|Mixed Platforms.ActiveCfg = Debug|Win32
		{1CBD4BF0-C68C-48E4-BBFC-FD2CC7C0680E}.Debug|Mixed Platforms.Build.0 = Debug|Win32
		{1CBD4BF0-C68C-48E4-BBFC-FD2CC7C0680E}.Debug|Win32.ActiveCfg = Debug|Win32
		{1CBD4BF0-C68C-48E4-BBFC-FD2CC7C0680E}.Debug|Win32.Build.0 = Debug|Win32
		{1CBD4BF0-C68C-48E4-BBFC-FD2CC7C0680E}.Debug|x64.ActiveCfg = Debug|x64
		{1CBD4BF0-C68C-48E4-BBFC-FD2CC7C0680E}.Debug|x64.Build.0 = Debug|x64
		{1CBD4BF0-C68C-48E4-BBFC-FD2CC7C0680E}.Release|Mixed Platforms.ActiveCfg = Release|Win32
		{1CBD4BF0-C68C-48E4-BBFC-FD2CC7C0680E}.Release|Mixed Platforms.Build.0 = Release|Win32
		{1CBD4BF0-C68C-48E4-BBFC-FD2CC7C0680E}.Release|Win32.ActiveCfg = Release|Win32
		{1CBD4BF0-C68C-48E4-BBFC-FD2CC7C0680E}.Release|Win32.Build.0 = Release|Win32
		{1CBD4BF0-C68C-48E4-BBFC-FD2CC7C0680E}.Release|x64.ActiveCfg = Release|x64
		{1CBD4BF0-C68C-48E4-BBFC-FD2CC7C0680E}.Release|x64.Build.0 = Release|x64
	EndGlobalSection
	GlobalSection(SolutionProperties) = preSolution
		HideSolutionNode = FALSE
	EndGlobalSection
EndGlobal
