<?xml version="1.0" encoding="utf-8"?>
<Project ToolsVersion="4.0" xmlns="http://schemas.microsoft.com/developer/msbuild/2003">
  <ItemGroup>
    <ClCompile Include="NotificationClient.cpp">
      <Filter>Source Files</Filter>
    </ClCompile>
    <ClCompile Include="PulseData.cpp">
      <Filter>Source Files</Filter>
    </ClCompile>
    <ClCompile Include="SppAudio.cpp">
      <Filter>Source Files</Filter>
    </ClCompile>
    <ClCompile Include="stdafx.cpp">
      <Filter>Source Files</Filter>
    </ClCompile>
  </ItemGroup>
  <ItemGroup>
    <ClInclude Include="NotificationClient.h">
      <Filter>Header Files</Filter>
    </ClInclude>
    <ClInclude Include="PolicyConfig.h">
      <Filter>Header Files</Filter>
    </ClInclude>
    <ClInclude Include="PulseData.h">
      <Filter>Header Files</Filter>
    </ClInclude>
    <ClInclude Include="SppAudio.h">
      <Filter>Header Files</Filter>
    </ClInclude>
    <ClInclude Include="..\include\WinMessages.h">
      <Filter>Header Files</Filter>
    </ClInclude>
    <ClInclude Include="stdafx.h">
      <Filter>Header Files</Filter>
    </ClInclude>
  </ItemGroup>
  <ItemGroup>
    <None Include="debug\BuildLog.htm" />
  </ItemGroup>
  <ItemGroup>
    <Filter Include="Header Files">
      <UniqueIdentifier>{d6a6e270-6720-4863-9219-585d903b5e13}</UniqueIdentifier>
    </Filter>
    <Filter Include="Resource Files">
      <UniqueIdentifier>{63b99686-5e11-4ac8-ac97-6fc6cf1a752f}</UniqueIdentifier>
    </Filter>
    <Filter Include="Source Files">
      <UniqueIdentifier>{7928b3df-3880-4fbe-bb65-3f8a4baae079}</UniqueIdentifier>
    </Filter>
  </ItemGroup>
  <ItemGroup>
    <ResourceCompile Include="AudioLib.rc">
      <Filter>Resource Files</Filter>
    </ResourceCompile>
  </ItemGroup>
</Project>