
Microsoft Visual Studio Solution File, Format Version 10.00
# Visual C++ Express 2008
Project("{8BC9CEB8-8B4A-11D0-8D11-00A0C91BC942}") = "DecoderGen", "DecoderGen.vcproj", "{3F30BAA5-D399-4CC9-8298-AB767B9CEB65}"
EndProject
Global
	GlobalSection(SolutionConfigurationPlatforms) = preSolution
		Debug|Win32 = Debug|Win32
		Release|Win32 = Release|Win32
	EndGlobalSection
	GlobalSection(ProjectConfigurationPlatforms) = postSolution
		{3F30BAA5-D399-4CC9-8298-AB767B9CEB65}.Debug|Win32.ActiveCfg = Debug|Win32
		{3F30BAA5-D399-4CC9-8298-AB767B9CEB65}.Debug|Win32.Build.0 = Debug|Win32
		{3F30BAA5-D399-4CC9-8298-AB767B9CEB65}.Release|Win32.ActiveCfg = Release|Win32
		{3F30BAA5-D399-4CC9-8298-AB767B9CEB65}.Release|Win32.Build.0 = Release|Win32
	EndGlobalSection
	GlobalSection(SolutionProperties) = preSolution
		HideSolutionNode = FALSE
	EndGlobalSection
EndGlobal
