
Microsoft Visual Studio Solution File, Format Version 12.00
# Visual Studio Express 2012 for Windows Desktop
Project("{8BC9CEB8-8B4A-11D0-8D11-00A0C91BC942}") = "SppConsole", "SppConsole\SppConsole.vcxproj", "{50D03AC2-EA69-46EB-AABA-67305DDE5D1D}"
	ProjectSection(ProjectDependencies) = postProject
		{6D5CE52C-A706-4CAE-85FC-ABB945512A86} = {6D5CE52C-A706-4CAE-85FC-ABB945512A86}
		{9ADDD735-0F87-4CAB-8100-B7153BE97DAC} = {9ADDD735-0F87-4CAB-8100-B7153BE97DAC}
		{A3A84737-5017-4577-B8A2-79429A25B8B6} = {A3A84737-5017-4577-B8A2-79429A25B8B6}
		{69ACDE52-342D-4753-90FE-0E03B1F537AD} = {69ACDE52-342D-4753-90FE-0E03B1F537AD}
		{CBBAA668-150D-4185-8F60-AFC0FAA4ABAD} = {CBBAA668-150D-4185-8F60-AFC0FAA4ABAD}
		{9E1FC894-F587-4FBA-8599-2F8C544E061A} = {9E1FC894-F587-4FBA-8599-2F8C544E061A}
		{41599EDC-07F9-4C48-8B8F-44B946BD4898} = {41599EDC-07F9-4C48-8B8F-44B946BD4898}
		{AD6B94F3-05B9-48C5-81EF-FD487F8C3896} = {AD6B94F3-05B9-48C5-81EF-FD487F8C3896}
	EndProjectSection
EndProject
Project("{8BC9CEB8-8B4A-11D0-8D11-00A0C91BC942}") = "AudioLib", "SppAudio\AudioLib.vcxproj", "{6D5CE52C-A706-4CAE-85FC-ABB945512A86}"
EndProject
Project("{8BC9CEB8-8B4A-11D0-8D11-00A0C91BC942}") = "SppProcess", "SppProcess\SppProcess.vcxproj", "{69ACDE52-342D-4753-90FE-0E03B1F537AD}"
	ProjectSection(ProjectDependencies) = postProject
		{9ADDD735-0F87-4CAB-8100-B7153BE97DAC} = {9ADDD735-0F87-4CAB-8100-B7153BE97DAC}
	EndProjectSection
EndProject
Project("{8BC9CEB8-8B4A-11D0-8D11-00A0C91BC942}") = "vJoyMonitor", "vJoyMonitor\vJoyMonitor.vcxproj", "{9ADDD735-0F87-4CAB-8100-B7153BE97DAC}"
EndProject
Project("{8BC9CEB8-8B4A-11D0-8D11-00A0C91BC942}") = "tinyxmlSTL", "TinyXml\tinyxmlSTL.vcxproj", "{A3A84737-5017-4577-B8A2-79429A25B8B6}"
EndProject
Project("{8BC9CEB8-8B4A-11D0-8D11-00A0C91BC942}") = "vJoyInterface", "..\..\..\..\..\..\..\..\WinDDK\vjoy-2\apps\common\vJoyInterface\vJoyInterface2012.vcxproj", "{9E1FC894-F587-4FBA-8599-2F8C544E061A}"
EndProject
Project("{8BC9CEB8-8B4A-11D0-8D11-00A0C91BC942}") = "SppUI", "SppUI\SppUI.vcxproj", "{41599EDC-07F9-4C48-8B8F-44B946BD4898}"
EndProject
Project("{8BC9CEB8-8B4A-11D0-8D11-00A0C91BC942}") = "PulseScope", "PulseScope\PulseScope.vcxproj", "{CBBAA668-150D-4185-8F60-AFC0FAA4ABAD}"
EndProject
Project("{8BC9CEB8-8B4A-11D0-8D11-00A0C91BC942}") = "Filter", "Filter\Filter.vcxproj", "{AD6B94F3-05B9-48C5-81EF-FD487F8C3896}"
EndProject
Project("{8BC9CEB8-8B4A-11D0-8D11-00A0C91BC942}") = "JoyMonitor", "JoyMonitor\JoyMonitor.vcxproj", "{F919081A-CEF3-41D8-879A-A63ADEBEFFC5}"
EndProject
Global
	GlobalSection(SolutionConfigurationPlatforms) = preSolution
		Debug|Mixed Platforms = Debug|Mixed Platforms
		Debug|Win32 = Debug|Win32
		Debug|x64 = Debug|x64
		Release|Mixed Platforms = Release|Mixed Platforms
		Release|Win32 = Release|Win32
		Release|x64 = Release|x64
		Vista Debug|Mixed Platforms = Vista Debug|Mixed Platforms
		Vista Debug|Win32 = Vista Debug|Win32
		Vista Debug|x64 = Vista Debug|x64
		Vista Release|Mixed Platforms = Vista Release|Mixed Platforms
		Vista Release|Win32 = Vista Release|Win32
		Vista Release|x64 = Vista Release|x64
		Win7 Debug|Mixed Platforms = Win7 Debug|Mixed Platforms
		Win7 Debug|Win32 = Win7 Debug|Win32
		Win7 Debug|x64 = Win7 Debug|x64
		Win7 Release|Mixed Platforms = Win7 Release|Mixed Platforms
		Win7 Release|Win32 = Win7 Release|Win32
		Win7 Release|x64 = Win7 Release|x64
		Win8 Debug|Mixed Platforms = Win8 Debug|Mixed Platforms
		Win8 Debug|Win32 = Win8 Debug|Win32
		Win8 Debug|x64 = Win8 Debug|x64
		Win8 Release|Mixed Platforms = Win8 Release|Mixed Platforms
		Win8 Release|Win32 = Win8 Release|Win32
		Win8 Release|x64 = Win8 Release|x64
	EndGlobalSection
	GlobalSection(ProjectConfigurationPlatforms) = postSolution
		{50D03AC2-EA69-46EB-AABA-67305DDE5D1D}.Debug|Mixed Platforms.ActiveCfg = Debug|Win32
		{50D03AC2-EA69-46EB-AABA-67305DDE5D1D}.Debug|Mixed Platforms.Build.0 = Debug|Win32
		{50D03AC2-EA69-46EB-AABA-67305DDE5D1D}.Debug|Win32.ActiveCfg = Debug|Win32
		{50D03AC2-EA69-46EB-AABA-67305DDE5D1D}.Debug|Win32.Build.0 = Debug|Win32
		{50D03AC2-EA69-46EB-AABA-67305DDE5D1D}.Debug|Win32.Deploy.0 = Debug|Win32
		{50D03AC2-EA69-46EB-AABA-67305DDE5D1D}.Debug|x64.ActiveCfg = Debug|x64
		{50D03AC2-EA69-46EB-AABA-67305DDE5D1D}.Debug|x64.Build.0 = Debug|x64
		{50D03AC2-EA69-46EB-AABA-67305DDE5D1D}.Debug|x64.Deploy.0 = Debug|x64
		{50D03AC2-EA69-46EB-AABA-67305DDE5D1D}.Release|Mixed Platforms.ActiveCfg = Release|Win32
		{50D03AC2-EA69-46EB-AABA-67305DDE5D1D}.Release|Mixed Platforms.Build.0 = Release|Win32
		{50D03AC2-EA69-46EB-AABA-67305DDE5D1D}.Release|Win32.ActiveCfg = Release|Win32
		{50D03AC2-EA69-46EB-AABA-67305DDE5D1D}.Release|Win32.Build.0 = Release|Win32
		{50D03AC2-EA69-46EB-AABA-67305DDE5D1D}.Release|Win32.Deploy.0 = Release|Win32
		{50D03AC2-EA69-46EB-AABA-67305DDE5D1D}.Release|x64.ActiveCfg = Release|x64
		{50D03AC2-EA69-46EB-AABA-67305DDE5D1D}.Release|x64.Build.0 = Release|x64
		{50D03AC2-EA69-46EB-AABA-67305DDE5D1D}.Release|x64.Deploy.0 = Release|x64
		{50D03AC2-EA69-46EB-AABA-67305DDE5D1D}.Vista Debug|Mixed Platforms.ActiveCfg = Debug|Win32
		{50D03AC2-EA69-46EB-AABA-67305DDE5D1D}.Vista Debug|Mixed Platforms.Build.0 = Debug|Win32
		{50D03AC2-EA69-46EB-AABA-67305DDE5D1D}.Vista Debug|Win32.ActiveCfg = Debug|Win32
		{50D03AC2-EA69-46EB-AABA-67305DDE5D1D}.Vista Debug|Win32.Build.0 = Debug|Win32
		{50D03AC2-EA69-46EB-AABA-67305DDE5D1D}.Vista Debug|x64.ActiveCfg = Debug|x64
		{50D03AC2-EA69-46EB-AABA-67305DDE5D1D}.Vista Debug|x64.Build.0 = Debug|x64
		{50D03AC2-EA69-46EB-AABA-67305DDE5D1D}.Vista Release|Mixed Platforms.ActiveCfg = Release|Win32
		{50D03AC2-EA69-46EB-AABA-67305DDE5D1D}.Vista Release|Mixed Platforms.Build.0 = Release|Win32
		{50D03AC2-EA69-46EB-AABA-67305DDE5D1D}.Vista Release|Win32.ActiveCfg = Release|Win32
		{50D03AC2-EA69-46EB-AABA-67305DDE5D1D}.Vista Release|Win32.Build.0 = Release|Win32
		{50D03AC2-EA69-46EB-AABA-67305DDE5D1D}.Vista Release|x64.ActiveCfg = Release|x64
		{50D03AC2-EA69-46EB-AABA-67305DDE5D1D}.Vista Release|x64.Build.0 = Release|x64
		{50D03AC2-EA69-46EB-AABA-67305DDE5D1D}.Win7 Debug|Mixed Platforms.ActiveCfg = Debug|Win32
		{50D03AC2-EA69-46EB-AABA-67305DDE5D1D}.Win7 Debug|Mixed Platforms.Build.0 = Debug|Win32
		{50D03AC2-EA69-46EB-AABA-67305DDE5D1D}.Win7 Debug|Win32.ActiveCfg = Debug|Win32
		{50D03AC2-EA69-46EB-AABA-67305DDE5D1D}.Win7 Debug|Win32.Build.0 = Debug|Win32
		{50D03AC2-EA69-46EB-AABA-67305DDE5D1D}.Win7 Debug|x64.ActiveCfg = Debug|x64
		{50D03AC2-EA69-46EB-AABA-67305DDE5D1D}.Win7 Debug|x64.Build.0 = Debug|x64
		{50D03AC2-EA69-46EB-AABA-67305DDE5D1D}.Win7 Release|Mixed Platforms.ActiveCfg = Release|Win32
		{50D03AC2-EA69-46EB-AABA-67305DDE5D1D}.Win7 Release|Mixed Platforms.Build.0 = Release|Win32
		{50D03AC2-EA69-46EB-AABA-67305DDE5D1D}.Win7 Release|Win32.ActiveCfg = Release|Win32
		{50D03AC2-EA69-46EB-AABA-67305DDE5D1D}.Win7 Release|Win32.Build.0 = Release|Win32
		{50D03AC2-EA69-46EB-AABA-67305DDE5D1D}.Win7 Release|x64.ActiveCfg = Release|x64
		{50D03AC2-EA69-46EB-AABA-67305DDE5D1D}.Win7 Release|x64.Build.0 = Release|x64
		{50D03AC2-EA69-46EB-AABA-67305DDE5D1D}.Win8 Debug|Mixed Platforms.ActiveCfg = Debug|Win32
		{50D03AC2-EA69-46EB-AABA-67305DDE5D1D}.Win8 Debug|Mixed Platforms.Build.0 = Debug|Win32
		{50D03AC2-EA69-46EB-AABA-67305DDE5D1D}.Win8 Debug|Win32.ActiveCfg = Debug|Win32
		{50D03AC2-EA69-46EB-AABA-67305DDE5D1D}.Win8 Debug|Win32.Build.0 = Debug|Win32
		{50D03AC2-EA69-46EB-AABA-67305DDE5D1D}.Win8 Debug|x64.ActiveCfg = Debug|x64
		{50D03AC2-EA69-46EB-AABA-67305DDE5D1D}.Win8 Debug|x64.Build.0 = Debug|x64
		{50D03AC2-EA69-46EB-AABA-67305DDE5D1D}.Win8 Release|Mixed Platforms.ActiveCfg = Release|Win32
		{50D03AC2-EA69-46EB-AABA-67305DDE5D1D}.Win8 Release|Mixed Platforms.Build.0 = Release|Win32
		{50D03AC2-EA69-46EB-AABA-67305DDE5D1D}.Win8 Release|Win32.ActiveCfg = Release|Win32
		{50D03AC2-EA69-46EB-AABA-67305DDE5D1D}.Win8 Release|Win32.Build.0 = Release|Win32
		{50D03AC2-EA69-46EB-AABA-67305DDE5D1D}.Win8 Release|x64.ActiveCfg = Release|x64
		{50D03AC2-EA69-46EB-AABA-67305DDE5D1D}.Win8 Release|x64.Build.0 = Release|x64
		{6D5CE52C-A706-4CAE-85FC-ABB945512A86}.Debug|Mixed Platforms.ActiveCfg = Debug|Win32
		{6D5CE52C-A706-4CAE-85FC-ABB945512A86}.Debug|Mixed Platforms.Build.0 = Debug|Win32
		{6D5CE52C-A706-4CAE-85FC-ABB945512A86}.Debug|Win32.ActiveCfg = Debug|Win32
		{6D5CE52C-A706-4CAE-85FC-ABB945512A86}.Debug|Win32.Build.0 = Debug|Win32
		{6D5CE52C-A706-4CAE-85FC-ABB945512A86}.Debug|Win32.Deploy.0 = Debug|Win32
		{6D5CE52C-A706-4CAE-85FC-ABB945512A86}.Debug|x64.ActiveCfg = Debug|x64
		{6D5CE52C-A706-4CAE-85FC-ABB945512A86}.Debug|x64.Build.0 = Debug|x64
		{6D5CE52C-A706-4CAE-85FC-ABB945512A86}.Debug|x64.Deploy.0 = Debug|x64
		{6D5CE52C-A706-4CAE-85FC-ABB945512A86}.Release|Mixed Platforms.ActiveCfg = Release|Win32
		{6D5CE52C-A706-4CAE-85FC-ABB945512A86}.Release|Mixed Platforms.Build.0 = Release|Win32
		{6D5CE52C-A706-4CAE-85FC-ABB945512A86}.Release|Win32.ActiveCfg = Release|Win32
		{6D5CE52C-A706-4CAE-85FC-ABB945512A86}.Release|Win32.Build.0 = Release|Win32
		{6D5CE52C-A706-4CAE-85FC-ABB945512A86}.Release|Win32.Deploy.0 = Release|Win32
		{6D5CE52C-A706-4CAE-85FC-ABB945512A86}.Release|x64.ActiveCfg = Release|x64
		{6D5CE52C-A706-4CAE-85FC-ABB945512A86}.Release|x64.Build.0 = Release|x64
		{6D5CE52C-A706-4CAE-85FC-ABB945512A86}.Release|x64.Deploy.0 = Release|x64
		{6D5CE52C-A706-4CAE-85FC-ABB945512A86}.Vista Debug|Mixed Platforms.ActiveCfg = Debug|Win32
		{6D5CE52C-A706-4CAE-85FC-ABB945512A86}.Vista Debug|Mixed Platforms.Build.0 = Debug|Win32
		{6D5CE52C-A706-4CAE-85FC-ABB945512A86}.Vista Debug|Win32.ActiveCfg = Debug|Win32
		{6D5CE52C-A706-4CAE-85FC-ABB945512A86}.Vista Debug|Win32.Build.0 = Debug|Win32
		{6D5CE52C-A706-4CAE-85FC-ABB945512A86}.Vista Debug|x64.ActiveCfg = Debug|x64
		{6D5CE52C-A706-4CAE-85FC-ABB945512A86}.Vista Debug|x64.Build.0 = Debug|x64
		{6D5CE52C-A706-4CAE-85FC-ABB945512A86}.Vista Release|Mixed Platforms.ActiveCfg = Release|Win32
		{6D5CE52C-A706-4CAE-85FC-ABB945512A86}.Vista Release|Mixed Platforms.Build.0 = Release|Win32
		{6D5CE52C-A706-4CAE-85FC-ABB945512A86}.Vista Release|Win32.ActiveCfg = Release|Win32
		{6D5CE52C-A706-4CAE-85FC-ABB945512A86}.Vista Release|Win32.Build.0 = Release|Win32
		{6D5CE52C-A706-4CAE-85FC-ABB945512A86}.Vista Release|x64.ActiveCfg = Release|x64
		{6D5CE52C-A706-4CAE-85FC-ABB945512A86}.Vista Release|x64.Build.0 = Release|x64
		{6D5CE52C-A706-4CAE-85FC-ABB945512A86}.Win7 Debug|Mixed Platforms.ActiveCfg = Debug|Win32
		{6D5CE52C-A706-4CAE-85FC-ABB945512A86}.Win7 Debug|Mixed Platforms.Build.0 = Debug|Win32
		{6D5CE52C-A706-4CAE-85FC-ABB945512A86}.Win7 Debug|Win32.ActiveCfg = Debug|Win32
		{6D5CE52C-A706-4CAE-85FC-ABB945512A86}.Win7 Debug|Win32.Build.0 = Debug|Win32
		{6D5CE52C-A706-4CAE-85FC-ABB945512A86}.Win7 Debug|x64.ActiveCfg = Debug|x64
		{6D5CE52C-A706-4CAE-85FC-ABB945512A86}.Win7 Debug|x64.Build.0 = Debug|x64
		{6D5CE52C-A706-4CAE-85FC-ABB945512A86}.Win7 Release|Mixed Platforms.ActiveCfg = Release|Win32
		{6D5CE52C-A706-4CAE-85FC-ABB945512A86}.Win7 Release|Mixed Platforms.Build.0 = Release|Win32
		{6D5CE52C-A706-4CAE-85FC-ABB945512A86}.Win7 Release|Win32.ActiveCfg = Release|Win32
		{6D5CE52C-A706-4CAE-85FC-ABB945512A86}.Win7 Release|Win32.Build.0 = Release|Win32
		{6D5CE52C-A706-4CAE-85FC-ABB945512A86}.Win7 Release|x64.ActiveCfg = Release|x64
		{6D5CE52C-A706-4CAE-85FC-ABB945512A86}.Win7 Release|x64.Build.0 = Release|x64
		{6D5CE52C-A706-4CAE-85FC-ABB945512A86}.Win8 Debug|Mixed Platforms.ActiveCfg = Debug|Win32
		{6D5CE52C-A706-4CAE-85FC-ABB945512A86}.Win8 Debug|Mixed Platforms.Build.0 = Debug|Win32
		{6D5CE52C-A706-4CAE-85FC-ABB945512A86}.Win8 Debug|Win32.ActiveCfg = Debug|Win32
		{6D5CE52C-A706-4CAE-85FC-ABB945512A86}.Win8 Debug|Win32.Build.0 = Debug|Win32
		{6D5CE52C-A706-4CAE-85FC-ABB945512A86}.Win8 Debug|x64.ActiveCfg = Debug|x64
		{6D5CE52C-A706-4CAE-85FC-ABB945512A86}.Win8 Debug|x64.Build.0 = Debug|x64
		{6D5CE52C-A706-4CAE-85FC-ABB945512A86}.Win8 Release|Mixed Platforms.ActiveCfg = Release|Win32
		{6D5CE52C-A706-4CAE-85FC-ABB945512A86}.Win8 Release|Mixed Platforms.Build.0 = Release|Win32
		{6D5CE52C-A706-4CAE-85FC-ABB945512A86}.Win8 Release|Win32.ActiveCfg = Release|Win32
		{6D5CE52C-A706-4CAE-85FC-ABB945512A86}.Win8 Release|Win32.Build.0 = Release|Win32
		{6D5CE52C-A706-4CAE-85FC-ABB945512A86}.Win8 Release|x64.ActiveCfg = Release|x64
		{6D5CE52C-A706-4CAE-85FC-ABB945512A86}.Win8 Release|x64.Build.0 = Release|x64
		{69ACDE52-342D-4753-90FE-0E03B1F537AD}.Debug|Mixed Platforms.ActiveCfg = Debug|Win32
		{69ACDE52-342D-4753-90FE-0E03B1F537AD}.Debug|Mixed Platforms.Build.0 = Debug|Win32
		{69ACDE52-342D-4753-90FE-0E03B1F537AD}.Debug|Win32.ActiveCfg = Debug|Win32
		{69ACDE52-342D-4753-90FE-0E03B1F537AD}.Debug|Win32.Build.0 = Debug|Win32
		{69ACDE52-342D-4753-90FE-0E03B1F537AD}.Debug|Win32.Deploy.0 = Debug|Win32
		{69ACDE52-342D-4753-90FE-0E03B1F537AD}.Debug|x64.ActiveCfg = Debug|x64
		{69ACDE52-342D-4753-90FE-0E03B1F537AD}.Debug|x64.Build.0 = Debug|x64
		{69ACDE52-342D-4753-90FE-0E03B1F537AD}.Debug|x64.Deploy.0 = Debug|x64
		{69ACDE52-342D-4753-90FE-0E03B1F537AD}.Release|Mixed Platforms.ActiveCfg = Release|Win32
		{69ACDE52-342D-4753-90FE-0E03B1F537AD}.Release|Mixed Platforms.Build.0 = Release|Win32
		{69ACDE52-342D-4753-90FE-0E03B1F537AD}.Release|Win32.ActiveCfg = Release|Win32
		{69ACDE52-342D-4753-90FE-0E03B1F537AD}.Release|Win32.Build.0 = Release|Win32
		{69ACDE52-342D-4753-90FE-0E03B1F537AD}.Release|Win32.Deploy.0 = Release|Win32
		{69ACDE52-342D-4753-90FE-0E03B1F537AD}.Release|x64.ActiveCfg = Release|x64
		{69ACDE52-342D-4753-90FE-0E03B1F537AD}.Release|x64.Build.0 = Release|x64
		{69ACDE52-342D-4753-90FE-0E03B1F537AD}.Release|x64.Deploy.0 = Release|x64
		{69ACDE52-342D-4753-90FE-0E03B1F537AD}.Vista Debug|Mixed Platforms.ActiveCfg = Debug|Win32
		{69ACDE52-342D-4753-90FE-0E03B1F537AD}.Vista Debug|Mixed Platforms.Build.0 = Debug|Win32
		{69ACDE52-342D-4753-90FE-0E03B1F537AD}.Vista Debug|Win32.ActiveCfg = Debug|Win32
		{69ACDE52-342D-4753-90FE-0E03B1F537AD}.Vista Debug|Win32.Build.0 = Debug|Win32
		{69ACDE52-342D-4753-90FE-0E03B1F537AD}.Vista Debug|x64.ActiveCfg = Debug|x64
		{69ACDE52-342D-4753-90FE-0E03B1F537AD}.Vista Debug|x64.Build.0 = Debug|x64
		{69ACDE52-342D-4753-90FE-0E03B1F537AD}.Vista Release|Mixed Platforms.ActiveCfg = Release|Win32
		{69ACDE52-342D-4753-90FE-0E03B1F537AD}.Vista Release|Mixed Platforms.Build.0 = Release|Win32
		{69ACDE52-342D-4753-90FE-0E03B1F537AD}.Vista Release|Win32.ActiveCfg = Release|Win32
		{69ACDE52-342D-4753-90FE-0E03B1F537AD}.Vista Release|Win32.Build.0 = Release|Win32
		{69ACDE52-342D-4753-90FE-0E03B1F537AD}.Vista Release|x64.ActiveCfg = Release|x64
		{69ACDE52-342D-4753-90FE-0E03B1F537AD}.Vista Release|x64.Build.0 = Release|x64
		{69ACDE52-342D-4753-90FE-0E03B1F537AD}.Win7 Debug|Mixed Platforms.ActiveCfg = Debug|Win32
		{69ACDE52-342D-4753-90FE-0E03B1F537AD}.Win7 Debug|Mixed Platforms.Build.0 = Debug|Win32
		{69ACDE52-342D-4753-90FE-0E03B1F537AD}.Win7 Debug|Win32.ActiveCfg = Debug|Win32
		{69ACDE52-342D-4753-90FE-0E03B1F537AD}.Win7 Debug|Win32.Build.0 = Debug|Win32
		{69ACDE52-342D-4753-90FE-0E03B1F537AD}.Win7 Debug|x64.ActiveCfg = Debug|x64
		{69ACDE52-342D-4753-90FE-0E03B1F537AD}.Win7 Debug|x64.Build.0 = Debug|x64
		{69ACDE52-342D-4753-90FE-0E03B1F537AD}.Win7 Release|Mixed Platforms.ActiveCfg = Release|Win32
		{69ACDE52-342D-4753-90FE-0E03B1F537AD}.Win7 Release|Mixed Platforms.Build.0 = Release|Win32
		{69ACDE52-342D-4753-90FE-0E03B1F537AD}.Win7 Release|Win32.ActiveCfg = Release|Win32
		{69ACDE52-342D-4753-90FE-0E03B1F537AD}.Win7 Release|Win32.Build.0 = Release|Win32
		{69ACDE52-342D-4753-90FE-0E03B1F537AD}.Win7 Release|x64.ActiveCfg = Release|x64
		{69ACDE52-342D-4753-90FE-0E03B1F537AD}.Win7 Release|x64.Build.0 = Release|x64
		{69ACDE52-342D-4753-90FE-0E03B1F537AD}.Win8 Debug|Mixed Platforms.ActiveCfg = Debug|Win32
		{69ACDE52-342D-4753-90FE-0E03B1F537AD}.Win8 Debug|Mixed Platforms.Build.0 = Debug|Win32
		{69ACDE52-342D-4753-90FE-0E03B1F537AD}.Win8 Debug|Win32.ActiveCfg = Debug|Win32
		{69ACDE52-342D-4753-90FE-0E03B1F537AD}.Win8 Debug|Win32.Build.0 = Debug|Win32
		{69ACDE52-342D-4753-90FE-0E03B1F537AD}.Win8 Debug|x64.ActiveCfg = Debug|x64
		{69ACDE52-342D-4753-90FE-0E03B1F537AD}.Win8 Debug|x64.Build.0 = Debug|x64
		{69ACDE52-342D-4753-90FE-0E03B1F537AD}.Win8 Release|Mixed Platforms.ActiveCfg = Release|Win32
		{69ACDE52-342D-4753-90FE-0E03B1F537AD}.Win8 Release|Mixed Platforms.Build.0 = Release|Win32
		{69ACDE52-342D-4753-90FE-0E03B1F537AD}.Win8 Release|Win32.ActiveCfg = Release|Win32
		{69ACDE52-342D-4753-90FE-0E03B1F537AD}.Win8 Release|Win32.Build.0 = Release|Win32
		{69ACDE52-342D-4753-90FE-0E03B1F537AD}.Win8 Release|x64.ActiveCfg = Release|x64
		{69ACDE52-342D-4753-90FE-0E03B1F537AD}.Win8 Release|x64.Build.0 = Release|x64
		{9ADDD735-0F87-4CAB-8100-B7153BE97DAC}.Debug|Mixed Platforms.ActiveCfg = Debug|Win32
		{9ADDD735-0F87-4CAB-8100-B7153BE97DAC}.Debug|Mixed Platforms.Build.0 = Debug|Win32
		{9ADDD735-0F87-4CAB-8100-B7153BE97DAC}.Debug|Win32.ActiveCfg = Debug|Win32
		{9ADDD735-0F87-4CAB-8100-B7153BE97DAC}.Debug|Win32.Build.0 = Debug|Win32
		{9ADDD735-0F87-4CAB-8100-B7153BE97DAC}.Debug|Win32.Deploy.0 = Debug|Win32
		{9ADDD735-0F87-4CAB-8100-B7153BE97DAC}.Debug|x64.ActiveCfg = Debug|x64
		{9ADDD735-0F87-4CAB-8100-B7153BE97DAC}.Debug|x64.Build.0 = Debug|x64
		{9ADDD735-0F87-4CAB-8100-B7153BE97DAC}.Release|Mixed Platforms.ActiveCfg = Release|Win32
		{9ADDD735-0F87-4CAB-8100-B7153BE97DAC}.Release|Mixed Platforms.Build.0 = Release|Win32
		{9ADDD735-0F87-4CAB-8100-B7153BE97DAC}.Release|Win32.ActiveCfg = Release|Win32
		{9ADDD735-0F87-4CAB-8100-B7153BE97DAC}.Release|Win32.Build.0 = Release|Win32
		{9ADDD735-0F87-4CAB-8100-B7153BE97DAC}.Release|Win32.Deploy.0 = Release|Win32
		{9ADDD735-0F87-4CAB-8100-B7153BE97DAC}.Release|x64.ActiveCfg = Release|x64
		{9ADDD735-0F87-4CAB-8100-B7153BE97DAC}.Release|x64.Build.0 = Release|x64
		{9ADDD735-0F87-4CAB-8100-B7153BE97DAC}.Vista Debug|Mixed Platforms.ActiveCfg = Debug|Win32
		{9ADDD735-0F87-4CAB-8100-B7153BE97DAC}.Vista Debug|Mixed Platforms.Build.0 = Debug|Win32
		{9ADDD735-0F87-4CAB-8100-B7153BE97DAC}.Vista Debug|Win32.ActiveCfg = Debug|Win32
		{9ADDD735-0F87-4CAB-8100-B7153BE97DAC}.Vista Debug|Win32.Build.0 = Debug|Win32
		{9ADDD735-0F87-4CAB-8100-B7153BE97DAC}.Vista Debug|x64.ActiveCfg = Debug|x64
		{9ADDD735-0F87-4CAB-8100-B7153BE97DAC}.Vista Debug|x64.Build.0 = Debug|x64
		{9ADDD735-0F87-4CAB-8100-B7153BE97DAC}.Vista Release|Mixed Platforms.ActiveCfg = Release|Win32
		{9ADDD735-0F87-4CAB-8100-B7153BE97DAC}.Vista Release|Mixed Platforms.Build.0 = Release|Win32
		{9ADDD735-0F87-4CAB-8100-B7153BE97DAC}.Vista Release|Win32.ActiveCfg = Release|Win32
		{9ADDD735-0F87-4CAB-8100-B7153BE97DAC}.Vista Release|Win32.Build.0 = Release|Win32
		{9ADDD735-0F87-4CAB-8100-B7153BE97DAC}.Vista Release|x64.ActiveCfg = Release|x64
		{9ADDD735-0F87-4CAB-8100-B7153BE97DAC}.Vista Release|x64.Build.0 = Release|x64
		{9ADDD735-0F87-4CAB-8100-B7153BE97DAC}.Win7 Debug|Mixed Platforms.ActiveCfg = Debug|Win32
		{9ADDD735-0F87-4CAB-8100-B7153BE97DAC}.Win7 Debug|Mixed Platforms.Build.0 = Debug|Win32
		{9ADDD735-0F87-4CAB-8100-B7153BE97DAC}.Win7 Debug|Win32.ActiveCfg = Debug|Win32
		{9ADDD735-0F87-4CAB-8100-B7153BE97DAC}.Win7 Debug|Win32.Build.0 = Debug|Win32
		{9ADDD735-0F87-4CAB-8100-B7153BE97DAC}.Win7 Debug|x64.ActiveCfg = Debug|x64
		{9ADDD735-0F87-4CAB-8100-B7153BE97DAC}.Win7 Debug|x64.Build.0 = Debug|x64
		{9ADDD735-0F87-4CAB-8100-B7153BE97DAC}.Win7 Release|Mixed Platforms.ActiveCfg = Release|Win32
		{9ADDD735-0F87-4CAB-8100-B7153BE97DAC}.Win7 Release|Mixed Platforms.Build.0 = Release|Win32
		{9ADDD735-0F87-4CAB-8100-B7153BE97DAC}.Win7 Release|Win32.ActiveCfg = Release|Win32
		{9ADDD735-0F87-4CAB-8100-B7153BE97DAC}.Win7 Release|Win32.Build.0 = Release|Win32
		{9ADDD735-0F87-4CAB-8100-B7153BE97DAC}.Win7 Release|x64.ActiveCfg = Release|x64
		{9ADDD735-0F87-4CAB-8100-B7153BE97DAC}.Win7 Release|x64.Build.0 = Release|x64
		{9ADDD735-0F87-4CAB-8100-B7153BE97DAC}.Win8 Debug|Mixed Platforms.ActiveCfg = Debug|Win32
		{9ADDD735-0F87-4CAB-8100-B7153BE97DAC}.Win8 Debug|Mixed Platforms.Build.0 = Debug|Win32
		{9ADDD735-0F87-4CAB-8100-B7153BE97DAC}.Win8 Debug|Win32.ActiveCfg = Debug|Win32
		{9ADDD735-0F87-4CAB-8100-B7153BE97DAC}.Win8 Debug|Win32.Build.0 = Debug|Win32
		{9ADDD735-0F87-4CAB-8100-B7153BE97DAC}.Win8 Debug|x64.ActiveCfg = Debug|x64
		{9ADDD735-0F87-4CAB-8100-B7153BE97DAC}.Win8 Debug|x64.Build.0 = Debug|x64
		{9ADDD735-0F87-4CAB-8100-B7153BE97DAC}.Win8 Release|Mixed Platforms.ActiveCfg = Release|Win32
		{9ADDD735-0F87-4CAB-8100-B7153BE97DAC}.Win8 Release|Mixed Platforms.Build.0 = Release|Win32
		{9ADDD735-0F87-4CAB-8100-B7153BE97DAC}.Win8 Release|Win32.ActiveCfg = Release|Win32
		{9ADDD735-0F87-4CAB-8100-B7153BE97DAC}.Win8 Release|Win32.Build.0 = Release|Win32
		{9ADDD735-0F87-4CAB-8100-B7153BE97DAC}.Win8 Release|x64.ActiveCfg = Release|x64
		{9ADDD735-0F87-4CAB-8100-B7153BE97DAC}.Win8 Release|x64.Build.0 = Release|x64
		{A3A84737-5017-4577-B8A2-79429A25B8B6}.Debug|Mixed Platforms.ActiveCfg = Debug|Win32
		{A3A84737-5017-4577-B8A2-79429A25B8B6}.Debug|Mixed Platforms.Build.0 = Debug|Win32
		{A3A84737-5017-4577-B8A2-79429A25B8B6}.Debug|Win32.ActiveCfg = Debug|Win32
		{A3A84737-5017-4577-B8A2-79429A25B8B6}.Debug|Win32.Build.0 = Debug|Win32
		{A3A84737-5017-4577-B8A2-79429A25B8B6}.Debug|Win32.Deploy.0 = Debug|Win32
		{A3A84737-5017-4577-B8A2-79429A25B8B6}.Debug|x64.ActiveCfg = Debug|x64
		{A3A84737-5017-4577-B8A2-79429A25B8B6}.Debug|x64.Build.0 = Debug|x64
		{A3A84737-5017-4577-B8A2-79429A25B8B6}.Release|Mixed Platforms.ActiveCfg = Release|Win32
		{A3A84737-5017-4577-B8A2-79429A25B8B6}.Release|Mixed Platforms.Build.0 = Release|Win32
		{A3A84737-5017-4577-B8A2-79429A25B8B6}.Release|Win32.ActiveCfg = Release|Win32
		{A3A84737-5017-4577-B8A2-79429A25B8B6}.Release|Win32.Build.0 = Release|Win32
		{A3A84737-5017-4577-B8A2-79429A25B8B6}.Release|Win32.Deploy.0 = Release|Win32
		{A3A84737-5017-4577-B8A2-79429A25B8B6}.Release|x64.ActiveCfg = Release|x64
		{A3A84737-5017-4577-B8A2-79429A25B8B6}.Release|x64.Build.0 = Release|x64
		{A3A84737-5017-4577-B8A2-79429A25B8B6}.Vista Debug|Mixed Platforms.ActiveCfg = Debug|Win32
		{A3A84737-5017-4577-B8A2-79429A25B8B6}.Vista Debug|Mixed Platforms.Build.0 = Debug|Win32
		{A3A84737-5017-4577-B8A2-79429A25B8B6}.Vista Debug|Win32.ActiveCfg = Debug|Win32
		{A3A84737-5017-4577-B8A2-79429A25B8B6}.Vista Debug|Win32.Build.0 = Debug|Win32
		{A3A84737-5017-4577-B8A2-79429A25B8B6}.Vista Debug|x64.ActiveCfg = Debug|Win32
		{A3A84737-5017-4577-B8A2-79429A25B8B6}.Vista Release|Mixed Platforms.ActiveCfg = Release|Win32
		{A3A84737-5017-4577-B8A2-79429A25B8B6}.Vista Release|Mixed Platforms.Build.0 = Release|Win32
		{A3A84737-5017-4577-B8A2-79429A25B8B6}.Vista Release|Win32.ActiveCfg = Release|Win32
		{A3A84737-5017-4577-B8A2-79429A25B8B6}.Vista Release|Win32.Build.0 = Release|Win32
		{A3A84737-5017-4577-B8A2-79429A25B8B6}.Vista Release|x64.ActiveCfg = Release|Win32
		{A3A84737-5017-4577-B8A2-79429A25B8B6}.Win7 Debug|Mixed Platforms.ActiveCfg = Debug|Win32
		{A3A84737-5017-4577-B8A2-79429A25B8B6}.Win7 Debug|Mixed Platforms.Build.0 = Debug|Win32
		{A3A84737-5017-4577-B8A2-79429A25B8B6}.Win7 Debug|Win32.ActiveCfg = Debug|Win32
		{A3A84737-5017-4577-B8A2-79429A25B8B6}.Win7 Debug|Win32.Build.0 = Debug|Win32
		{A3A84737-5017-4577-B8A2-79429A25B8B6}.Win7 Debug|x64.ActiveCfg = Debug|Win32
		{A3A84737-5017-4577-B8A2-79429A25B8B6}.Win7 Release|Mixed Platforms.ActiveCfg = Release|Win32
		{A3A84737-5017-4577-B8A2-79429A25B8B6}.Win7 Release|Mixed Platforms.Build.0 = Release|Win32
		{A3A84737-5017-4577-B8A2-79429A25B8B6}.Win7 Release|Win32.ActiveCfg = Release|Win32
		{A3A84737-5017-4577-B8A2-79429A25B8B6}.Win7 Release|Win32.Build.0 = Release|Win32
		{A3A84737-5017-4577-B8A2-79429A25B8B6}.Win7 Release|x64.ActiveCfg = Release|Win32
		{A3A84737-5017-4577-B8A2-79429A25B8B6}.Win8 Debug|Mixed Platforms.ActiveCfg = Debug|Win32
		{A3A84737-5017-4577-B8A2-79429A25B8B6}.Win8 Debug|Mixed Platforms.Build.0 = Debug|Win32
		{A3A84737-5017-4577-B8A2-79429A25B8B6}.Win8 Debug|Win32.ActiveCfg = Debug|Win32
		{A3A84737-5017-4577-B8A2-79429A25B8B6}.Win8 Debug|Win32.Build.0 = Debug|Win32
		{A3A84737-5017-4577-B8A2-79429A25B8B6}.Win8 Debug|x64.ActiveCfg = Debug|Win32
		{A3A84737-5017-4577-B8A2-79429A25B8B6}.Win8 Release|Mixed Platforms.ActiveCfg = Release|Win32
		{A3A84737-5017-4577-B8A2-79429A25B8B6}.Win8 Release|Mixed Platforms.Build.0 = Release|Win32
		{A3A84737-5017-4577-B8A2-79429A25B8B6}.Win8 Release|Win32.ActiveCfg = Release|Win32
		{A3A84737-5017-4577-B8A2-79429A25B8B6}.Win8 Release|Win32.Build.0 = Release|Win32
		{A3A84737-5017-4577-B8A2-79429A25B8B6}.Win8 Release|x64.ActiveCfg = Release|Win32
		{9E1FC894-F587-4FBA-8599-2F8C544E061A}.Debug|Mixed Platforms.ActiveCfg = Win7 Debug|Win32
		{9E1FC894-F587-4FBA-8599-2F8C544E061A}.Debug|Mixed Platforms.Build.0 = Win7 Debug|Win32
		{9E1FC894-F587-4FBA-8599-2F8C544E061A}.Debug|Win32.ActiveCfg = Win8 Debug|Win32
		{9E1FC894-F587-4FBA-8599-2F8C544E061A}.Debug|Win32.Build.0 = Win8 Debug|Win32
		{9E1FC894-F587-4FBA-8599-2F8C544E061A}.Debug|x64.ActiveCfg = Win7 Debug|x64
		{9E1FC894-F587-4FBA-8599-2F8C544E061A}.Debug|x64.Build.0 = Win7 Debug|x64
		{9E1FC894-F587-4FBA-8599-2F8C544E061A}.Release|Mixed Platforms.ActiveCfg = Release|Win32
		{9E1FC894-F587-4FBA-8599-2F8C544E061A}.Release|Mixed Platforms.Build.0 = Release|Win32
		{9E1FC894-F587-4FBA-8599-2F8C544E061A}.Release|Win32.ActiveCfg = Release|Win32
		{9E1FC894-F587-4FBA-8599-2F8C544E061A}.Release|Win32.Build.0 = Release|Win32
		{9E1FC894-F587-4FBA-8599-2F8C544E061A}.Release|x64.ActiveCfg = Release|x64
		{9E1FC894-F587-4FBA-8599-2F8C544E061A}.Release|x64.Build.0 = Release|x64
		{9E1FC894-F587-4FBA-8599-2F8C544E061A}.Vista Debug|Mixed Platforms.ActiveCfg = Vista Debug|Win32
		{9E1FC894-F587-4FBA-8599-2F8C544E061A}.Vista Debug|Mixed Platforms.Build.0 = Vista Debug|Win32
		{9E1FC894-F587-4FBA-8599-2F8C544E061A}.Vista Debug|Win32.ActiveCfg = Vista Debug|Win32
		{9E1FC894-F587-4FBA-8599-2F8C544E061A}.Vista Debug|Win32.Build.0 = Vista Debug|Win32
		{9E1FC894-F587-4FBA-8599-2F8C544E061A}.Vista Debug|x64.ActiveCfg = Vista Debug|x64
		{9E1FC894-F587-4FBA-8599-2F8C544E061A}.Vista Debug|x64.Build.0 = Vista Debug|x64
		{9E1FC894-F587-4FBA-8599-2F8C544E061A}.Vista Release|Mixed Platforms.ActiveCfg = Vista Release|Win32
		{9E1FC894-F587-4FBA-8599-2F8C544E061A}.Vista Release|Mixed Platforms.Build.0 = Vista Release|Win32
		{9E1FC894-F587-4FBA-8599-2F8C544E061A}.Vista Release|Win32.ActiveCfg = Vista Release|Win32
		{9E1FC894-F587-4FBA-8599-2F8C544E061A}.Vista Release|Win32.Build.0 = Vista Release|Win32
		{9E1FC894-F587-4FBA-8599-2F8C544E061A}.Vista Release|x64.ActiveCfg = Vista Release|x64
		{9E1FC894-F587-4FBA-8599-2F8C544E061A}.Vista Release|x64.Build.0 = Vista Release|x64
		{9E1FC894-F587-4FBA-8599-2F8C544E061A}.Win7 Debug|Mixed Platforms.ActiveCfg = Win7 Debug|Win32
		{9E1FC894-F587-4FBA-8599-2F8C544E061A}.Win7 Debug|Mixed Platforms.Build.0 = Win7 Debug|Win32
		{9E1FC894-F587-4FBA-8599-2F8C544E061A}.Win7 Debug|Win32.ActiveCfg = Win7 Debug|Win32
		{9E1FC894-F587-4FBA-8599-2F8C544E061A}.Win7 Debug|Win32.Build.0 = Win7 Debug|Win32
		{9E1FC894-F587-4FBA-8599-2F8C544E061A}.Win7 Debug|x64.ActiveCfg = Win7 Debug|x64
		{9E1FC894-F587-4FBA-8599-2F8C544E061A}.Win7 Debug|x64.Build.0 = Win7 Debug|x64
		{9E1FC894-F587-4FBA-8599-2F8C544E061A}.Win7 Release|Mixed Platforms.ActiveCfg = Win7 Release|Win32
		{9E1FC894-F587-4FBA-8599-2F8C544E061A}.Win7 Release|Mixed Platforms.Build.0 = Win7 Release|Win32
		{9E1FC894-F587-4FBA-8599-2F8C544E061A}.Win7 Release|Win32.ActiveCfg = Win7 Release|Win32
		{9E1FC894-F587-4FBA-8599-2F8C544E061A}.Win7 Release|Win32.Build.0 = Win7 Release|Win32
		{9E1FC894-F587-4FBA-8599-2F8C544E061A}.Win7 Release|x64.ActiveCfg = Win7 Release|x64
		{9E1FC894-F587-4FBA-8599-2F8C544E061A}.Win7 Release|x64.Build.0 = Win7 Release|x64
		{9E1FC894-F587-4FBA-8599-2F8C544E061A}.Win8 Debug|Mixed Platforms.ActiveCfg = Win8 Debug|Win32
		{9E1FC894-F587-4FBA-8599-2F8C544E061A}.Win8 Debug|Mixed Platforms.Build.0 = Win8 Debug|Win32
		{9E1FC894-F587-4FBA-8599-2F8C544E061A}.Win8 Debug|Win32.ActiveCfg = Win8 Debug|Win32
		{9E1FC894-F587-4FBA-8599-2F8C544E061A}.Win8 Debug|Win32.Build.0 = Win8 Debug|Win32
		{9E1FC894-F587-4FBA-8599-2F8C544E061A}.Win8 Debug|x64.ActiveCfg = Win8 Debug|x64
		{9E1FC894-F587-4FBA-8599-2F8C544E061A}.Win8 Debug|x64.Build.0 = Win8 Debug|x64
		{9E1FC894-F587-4FBA-8599-2F8C544E061A}.Win8 Release|Mixed Platforms.ActiveCfg = Win8 Release|Win32
		{9E1FC894-F587-4FBA-8599-2F8C544E061A}.Win8 Release|Mixed Platforms.Build.0 = Win8 Release|Win32
		{9E1FC894-F587-4FBA-8599-2F8C544E061A}.Win8 Release|Win32.ActiveCfg = Win8 Release|Win32
		{9E1FC894-F587-4FBA-8599-2F8C544E061A}.Win8 Release|Win32.Build.0 = Win8 Release|Win32
		{9E1FC894-F587-4FBA-8599-2F8C544E061A}.Win8 Release|x64.ActiveCfg = Win8 Release|x64
		{9E1FC894-F587-4FBA-8599-2F8C544E061A}.Win8 Release|x64.Build.0 = Win8 Release|x64
		{41599EDC-07F9-4C48-8B8F-44B946BD4898}.Debug|Mixed Platforms.ActiveCfg = Debug|Win32
		{41599EDC-07F9-4C48-8B8F-44B946BD4898}.Debug|Mixed Platforms.Build.0 = Debug|Win32
		{41599EDC-07F9-4C48-8B8F-44B946BD4898}.Debug|Win32.ActiveCfg = Debug|Win32
		{41599EDC-07F9-4C48-8B8F-44B946BD4898}.Debug|Win32.Build.0 = Debug|Win32
		{41599EDC-07F9-4C48-8B8F-44B946BD4898}.Debug|x64.ActiveCfg = Debug|x64
		{41599EDC-07F9-4C48-8B8F-44B946BD4898}.Debug|x64.Build.0 = Debug|x64
		{41599EDC-07F9-4C48-8B8F-44B946BD4898}.Release|Mixed Platforms.ActiveCfg = Release|Win32
		{41599EDC-07F9-4C48-8B8F-44B946BD4898}.Release|Mixed Platforms.Build.0 = Release|Win32
		{41599EDC-07F9-4C48-8B8F-44B946BD4898}.Release|Win32.ActiveCfg = Release|Win32
		{41599EDC-07F9-4C48-8B8F-44B946BD4898}.Release|Win32.Build.0 = Release|Win32
		{41599EDC-07F9-4C48-8B8F-44B946BD4898}.Release|x64.ActiveCfg = Release|x64
		{41599EDC-07F9-4C48-8B8F-44B946BD4898}.Release|x64.Build.0 = Release|x64
		{41599EDC-07F9-4C48-8B8F-44B946BD4898}.Vista Debug|Mixed Platforms.ActiveCfg = Debug|Win32
		{41599EDC-07F9-4C48-8B8F-44B946BD4898}.Vista Debug|Mixed Platforms.Build.0 = Debug|Win32
		{41599EDC-07F9-4C48-8B8F-44B946BD4898}.Vista Debug|Win32.ActiveCfg = Debug|Win32
		{41599EDC-07F9-4C48-8B8F-44B946BD4898}.Vista Debug|Win32.Build.0 = Debug|Win32
		{41599EDC-07F9-4C48-8B8F-44B946BD4898}.Vista Debug|x64.ActiveCfg = Debug|Win32
		{41599EDC-07F9-4C48-8B8F-44B946BD4898}.Vista Release|Mixed Platforms.ActiveCfg = Release|Win32
		{41599EDC-07F9-4C48-8B8F-44B946BD4898}.Vista Release|Mixed Platforms.Build.0 = Release|Win32
		{41599EDC-07F9-4C48-8B8F-44B946BD4898}.Vista Release|Win32.ActiveCfg = Release|Win32
		{41599EDC-07F9-4C48-8B8F-44B946BD4898}.Vista Release|Win32.Build.0 = Release|Win32
		{41599EDC-07F9-4C48-8B8F-44B946BD4898}.Vista Release|x64.ActiveCfg = Release|Win32
		{41599EDC-07F9-4C48-8B8F-44B946BD4898}.Win7 Debug|Mixed Platforms.ActiveCfg = Debug|Win32
		{41599EDC-07F9-4C48-8B8F-44B946BD4898}.Win7 Debug|Mixed Platforms.Build.0 = Debug|Win32
		{41599EDC-07F9-4C48-8B8F-44B946BD4898}.Win7 Debug|Win32.ActiveCfg = Debug|Win32
		{41599EDC-07F9-4C48-8B8F-44B946BD4898}.Win7 Debug|Win32.Build.0 = Debug|Win32
		{41599EDC-07F9-4C48-8B8F-44B946BD4898}.Win7 Debug|x64.ActiveCfg = Debug|Win32
		{41599EDC-07F9-4C48-8B8F-44B946BD4898}.Win7 Release|Mixed Platforms.ActiveCfg = Release|Win32
		{41599EDC-07F9-4C48-8B8F-44B946BD4898}.Win7 Release|Mixed Platforms.Build.0 = Release|Win32
		{41599EDC-07F9-4C48-8B8F-44B946BD4898}.Win7 Release|Win32.ActiveCfg = Release|Win32
		{41599EDC-07F9-4C48-8B8F-44B946BD4898}.Win7 Release|Win32.Build.0 = Release|Win32
		{41599EDC-07F9-4C48-8B8F-44B946BD4898}.Win7 Release|x64.ActiveCfg = Release|Win32
		{41599EDC-07F9-4C48-8B8F-44B946BD4898}.Win8 Debug|Mixed Platforms.ActiveCfg = Debug|Win32
		{41599EDC-07F9-4C48-8B8F-44B946BD4898}.Win8 Debug|Mixed Platforms.Build.0 = Debug|Win32
		{41599EDC-07F9-4C48-8B8F-44B946BD4898}.Win8 Debug|Win32.ActiveCfg = Debug|Win32
		{41599EDC-07F9-4C48-8B8F-44B946BD4898}.Win8 Debug|Win32.Build.0 = Debug|Win32
		{41599EDC-07F9-4C48-8B8F-44B946BD4898}.Win8 Debug|x64.ActiveCfg = Debug|Win32
		{41599EDC-07F9-4C48-8B8F-44B946BD4898}.Win8 Release|Mixed Platforms.ActiveCfg = Release|Win32
		{41599EDC-07F9-4C48-8B8F-44B946BD4898}.Win8 Release|Mixed Platforms.Build.0 = Release|Win32
		{41599EDC-07F9-4C48-8B8F-44B946BD4898}.Win8 Release|Win32.ActiveCfg = Release|Win32
		{41599EDC-07F9-4C48-8B8F-44B946BD4898}.Win8 Release|Win32.Build.0 = Release|Win32
		{41599EDC-07F9-4C48-8B8F-44B946BD4898}.Win8 Release|x64.ActiveCfg = Release|Win32
		{CBBAA668-150D-4185-8F60-AFC0FAA4ABAD}.Debug|Mixed Platforms.ActiveCfg = Debug|Win32
		{CBBAA668-150D-4185-8F60-AFC0FAA4ABAD}.Debug|Mixed Platforms.Build.0 = Debug|Win32
		{CBBAA668-150D-4185-8F60-AFC0FAA4ABAD}.Debug|Win32.ActiveCfg = Debug|Win32
		{CBBAA668-150D-4185-8F60-AFC0FAA4ABAD}.Debug|Win32.Build.0 = Debug|Win32
		{CBBAA668-150D-4185-8F60-AFC0FAA4ABAD}.Debug|x64.ActiveCfg = Debug|x64
		{CBBAA668-150D-4185-8F60-AFC0FAA4ABAD}.Debug|x64.Build.0 = Debug|x64
		{CBBAA668-150D-4185-8F60-AFC0FAA4ABAD}.Release|Mixed Platforms.ActiveCfg = Release|Win32
		{CBBAA668-150D-4185-8F60-AFC0FAA4ABAD}.Release|Mixed Platforms.Build.0 = Release|Win32
		{CBBAA668-150D-4185-8F60-AFC0FAA4ABAD}.Release|Win32.ActiveCfg = Release|Win32
		{CBBAA668-150D-4185-8F60-AFC0FAA4ABAD}.Release|Win32.Build.0 = Release|Win32
		{CBBAA668-150D-4185-8F60-AFC0FAA4ABAD}.Release|x64.ActiveCfg = Release|x64
		{CBBAA668-150D-4185-8F60-AFC0FAA4ABAD}.Release|x64.Build.0 = Release|x64
		{CBBAA668-150D-4185-8F60-AFC0FAA4ABAD}.Vista Debug|Mixed Platforms.ActiveCfg = Debug|Win32
		{CBBAA668-150D-4185-8F60-AFC0FAA4ABAD}.Vista Debug|Mixed Platforms.Build.0 = Debug|Win32
		{CBBAA668-150D-4185-8F60-AFC0FAA4ABAD}.Vista Debug|Win32.ActiveCfg = Debug|Win32
		{CBBAA668-150D-4185-8F60-AFC0FAA4ABAD}.Vista Debug|Win32.Build.0 = Debug|Win32
		{CBBAA668-150D-4185-8F60-AFC0FAA4ABAD}.Vista Debug|x64.ActiveCfg = Debug|Win32
		{CBBAA668-150D-4185-8F60-AFC0FAA4ABAD}.Vista Release|Mixed Platforms.ActiveCfg = Release|Win32
		{CBBAA668-150D-4185-8F60-AFC0FAA4ABAD}.Vista Release|Mixed Platforms.Build.0 = Release|Win32
		{CBBAA668-150D-4185-8F60-AFC0FAA4ABAD}.Vista Release|Win32.ActiveCfg = Release|Win32
		{CBBAA668-150D-4185-8F60-AFC0FAA4ABAD}.Vista Release|Win32.Build.0 = Release|Win32
		{CBBAA668-150D-4185-8F60-AFC0FAA4ABAD}.Vista Release|x64.ActiveCfg = Release|Win32
		{CBBAA668-150D-4185-8F60-AFC0FAA4ABAD}.Win7 Debug|Mixed Platforms.ActiveCfg = Debug|Win32
		{CBBAA668-150D-4185-8F60-AFC0FAA4ABAD}.Win7 Debug|Mixed Platforms.Build.0 = Debug|Win32
		{CBBAA668-150D-4185-8F60-AFC0FAA4ABAD}.Win7 Debug|Win32.ActiveCfg = Debug|Win32
		{CBBAA668-150D-4185-8F60-AFC0FAA4ABAD}.Win7 Debug|Win32.Build.0 = Debug|Win32
		{CBBAA668-150D-4185-8F60-AFC0FAA4ABAD}.Win7 Debug|x64.ActiveCfg = Debug|Win32
		{CBBAA668-150D-4185-8F60-AFC0FAA4ABAD}.Win7 Release|Mixed Platforms.ActiveCfg = Release|Win32
		{CBBAA668-150D-4185-8F60-AFC0FAA4ABAD}.Win7 Release|Mixed Platforms.Build.0 = Release|Win32
		{CBBAA668-150D-4185-8F60-AFC0FAA4ABAD}.Win7 Release|Win32.ActiveCfg = Release|Win32
		{CBBAA668-150D-4185-8F60-AFC0FAA4ABAD}.Win7 Release|Win32.Build.0 = Release|Win32
		{CBBAA668-150D-4185-8F60-AFC0FAA4ABAD}.Win7 Release|x64.ActiveCfg = Release|Win32
		{CBBAA668-150D-4185-8F60-AFC0FAA4ABAD}.Win8 Debug|Mixed Platforms.ActiveCfg = Debug|Win32
		{CBBAA668-150D-4185-8F60-AFC0FAA4ABAD}.Win8 Debug|Mixed Platforms.Build.0 = Debug|Win32
		{CBBAA668-150D-4185-8F60-AFC0FAA4ABAD}.Win8 Debug|Win32.ActiveCfg = Debug|Win32
		{CBBAA668-150D-4185-8F60-AFC0FAA4ABAD}.Win8 Debug|Win32.Build.0 = Debug|Win32
		{CBBAA668-150D-4185-8F60-AFC0FAA4ABAD}.Win8 Debug|x64.ActiveCfg = Debug|Win32
		{CBBAA668-150D-4185-8F60-AFC0FAA4ABAD}.Win8 Release|Mixed Platforms.ActiveCfg = Release|Win32
		{CBBAA668-150D-4185-8F60-AFC0FAA4ABAD}.Win8 Release|Mixed Platforms.Build.0 = Release|Win32
		{CBBAA668-150D-4185-8F60-AFC0FAA4ABAD}.Win8 Release|Win32.ActiveCfg = Release|Win32
		{CBBAA668-150D-4185-8F60-AFC0FAA4ABAD}.Win8 Release|Win32.Build.0 = Release|Win32
		{CBBAA668-150D-4185-8F60-AFC0FAA4ABAD}.Win8 Release|x64.ActiveCfg = Release|Win32
		{AD6B94F3-05B9-48C5-81EF-FD487F8C3896}.Debug|Mixed Platforms.ActiveCfg = Debug|Win32
		{AD6B94F3-05B9-48C5-81EF-FD487F8C3896}.Debug|Mixed Platforms.Build.0 = Debug|Win32
		{AD6B94F3-05B9-48C5-81EF-FD487F8C3896}.Debug|Win32.ActiveCfg = Debug|Win32
		{AD6B94F3-05B9-48C5-81EF-FD487F8C3896}.Debug|Win32.Build.0 = Debug|Win32
		{AD6B94F3-05B9-48C5-81EF-FD487F8C3896}.Debug|x64.ActiveCfg = Debug|x64
		{AD6B94F3-05B9-48C5-81EF-FD487F8C3896}.Debug|x64.Build.0 = Debug|x64
		{AD6B94F3-05B9-48C5-81EF-FD487F8C3896}.Release|Mixed Platforms.ActiveCfg = Release|Win32
		{AD6B94F3-05B9-48C5-81EF-FD487F8C3896}.Release|Mixed Platforms.Build.0 = Release|Win32
		{AD6B94F3-05B9-48C5-81EF-FD487F8C3896}.Release|Win32.ActiveCfg = Release|Win32
		{AD6B94F3-05B9-48C5-81EF-FD487F8C3896}.Release|Win32.Build.0 = Release|Win32
		{AD6B94F3-05B9-48C5-81EF-FD487F8C3896}.Release|x64.ActiveCfg = Release|x64
		{AD6B94F3-05B9-48C5-81EF-FD487F8C3896}.Release|x64.Build.0 = Release|x64
		{AD6B94F3-05B9-48C5-81EF-FD487F8C3896}.Vista Debug|Mixed Platforms.ActiveCfg = Debug|Win32
		{AD6B94F3-05B9-48C5-81EF-FD487F8C3896}.Vista Debug|Mixed Platforms.Build.0 = Debug|Win32
		{AD6B94F3-05B9-48C5-81EF-FD487F8C3896}.Vista Debug|Win32.ActiveCfg = Debug|Win32
		{AD6B94F3-05B9-48C5-81EF-FD487F8C3896}.Vista Debug|Win32.Build.0 = Debug|Win32
		{AD6B94F3-05B9-48C5-81EF-FD487F8C3896}.Vista Debug|x64.ActiveCfg = Debug|Win32
		{AD6B94F3-05B9-48C5-81EF-FD487F8C3896}.Vista Release|Mixed Platforms.ActiveCfg = Release|Win32
		{AD6B94F3-05B9-48C5-81EF-FD487F8C3896}.Vista Release|Mixed Platforms.Build.0 = Release|Win32
		{AD6B94F3-05B9-48C5-81EF-FD487F8C3896}.Vista Release|Win32.ActiveCfg = Release|Win32
		{AD6B94F3-05B9-48C5-81EF-FD487F8C3896}.Vista Release|Win32.Build.0 = Release|Win32
		{AD6B94F3-05B9-48C5-81EF-FD487F8C3896}.Vista Release|x64.ActiveCfg = Release|Win32
		{AD6B94F3-05B9-48C5-81EF-FD487F8C3896}.Win7 Debug|Mixed Platforms.ActiveCfg = Debug|Win32
		{AD6B94F3-05B9-48C5-81EF-FD487F8C3896}.Win7 Debug|Mixed Platforms.Build.0 = Debug|Win32
		{AD6B94F3-05B9-48C5-81EF-FD487F8C3896}.Win7 Debug|Win32.ActiveCfg = Debug|Win32
		{AD6B94F3-05B9-48C5-81EF-FD487F8C3896}.Win7 Debug|Win32.Build.0 = Debug|Win32
		{AD6B94F3-05B9-48C5-81EF-FD487F8C3896}.Win7 Debug|x64.ActiveCfg = Debug|Win32
		{AD6B94F3-05B9-48C5-81EF-FD487F8C3896}.Win7 Release|Mixed Platforms.ActiveCfg = Release|Win32
		{AD6B94F3-05B9-48C5-81EF-FD487F8C3896}.Win7 Release|Mixed Platforms.Build.0 = Release|Win32
		{AD6B94F3-05B9-48C5-81EF-FD487F8C3896}.Win7 Release|Win32.ActiveCfg = Release|Win32
		{AD6B94F3-05B9-48C5-81EF-FD487F8C3896}.Win7 Release|Win32.Build.0 = Release|Win32
		{AD6B94F3-05B9-48C5-81EF-FD487F8C3896}.Win7 Release|x64.ActiveCfg = Release|Win32
		{AD6B94F3-05B9-48C5-81EF-FD487F8C3896}.Win8 Debug|Mixed Platforms.ActiveCfg = Debug|Win32
		{AD6B94F3-05B9-48C5-81EF-FD487F8C3896}.Win8 Debug|Mixed Platforms.Build.0 = Debug|Win32
		{AD6B94F3-05B9-48C5-81EF-FD487F8C3896}.Win8 Debug|Win32.ActiveCfg = Debug|Win32
		{AD6B94F3-05B9-48C5-81EF-FD487F8C3896}.Win8 Debug|Win32.Build.0 = Debug|Win32
		{AD6B94F3-05B9-48C5-81EF-FD487F8C3896}.Win8 Debug|x64.ActiveCfg = Debug|Win32
		{AD6B94F3-05B9-48C5-81EF-FD487F8C3896}.Win8 Release|Mixed Platforms.ActiveCfg = Release|Win32
		{AD6B94F3-05B9-48C5-81EF-FD487F8C3896}.Win8 Release|Mixed Platforms.Build.0 = Release|Win32
		{AD6B94F3-05B9-48C5-81EF-FD487F8C3896}.Win8 Release|Win32.ActiveCfg = Release|Win32
		{AD6B94F3-05B9-48C5-81EF-FD487F8C3896}.Win8 Release|Win32.Build.0 = Release|Win32
		{AD6B94F3-05B9-48C5-81EF-FD487F8C3896}.Win8 Release|x64.ActiveCfg = Release|Win32
		{F919081A-CEF3-41D8-879A-A63ADEBEFFC5}.Debug|Mixed Platforms.ActiveCfg = Debug|Win32
		{F919081A-CEF3-41D8-879A-A63ADEBEFFC5}.Debug|Mixed Platforms.Build.0 = Debug|Win32
		{F919081A-CEF3-41D8-879A-A63ADEBEFFC5}.Debug|Win32.ActiveCfg = Debug|Win32
		{F919081A-CEF3-41D8-879A-A63ADEBEFFC5}.Debug|Win32.Build.0 = Debug|Win32
		{F919081A-CEF3-41D8-879A-A63ADEBEFFC5}.Debug|x64.ActiveCfg = Debug|Win32
		{F919081A-CEF3-41D8-879A-A63ADEBEFFC5}.Release|Mixed Platforms.ActiveCfg = Release|Win32
		{F919081A-CEF3-41D8-879A-A63ADEBEFFC5}.Release|Mixed Platforms.Build.0 = Release|Win32
		{F919081A-CEF3-41D8-879A-A63ADEBEFFC5}.Release|Win32.ActiveCfg = Release|Win32
		{F919081A-CEF3-41D8-879A-A63ADEBEFFC5}.Release|Win32.Build.0 = Release|Win32
		{F919081A-CEF3-41D8-879A-A63ADEBEFFC5}.Release|x64.ActiveCfg = Release|Win32
		{F919081A-CEF3-41D8-879A-A63ADEBEFFC5}.Vista Debug|Mixed Platforms.ActiveCfg = Debug|Win32
		{F919081A-CEF3-41D8-879A-A63ADEBEFFC5}.Vista Debug|Mixed Platforms.Build.0 = Debug|Win32
		{F919081A-CEF3-41D8-879A-A63ADEBEFFC5}.Vista Debug|Win32.ActiveCfg = Debug|Win32
		{F919081A-CEF3-41D8-879A-A63ADEBEFFC5}.Vista Debug|Win32.Build.0 = Debug|Win32
		{F919081A-CEF3-41D8-879A-A63ADEBEFFC5}.Vista Debug|x64.ActiveCfg = Debug|Win32
		{F919081A-CEF3-41D8-879A-A63ADEBEFFC5}.Vista Release|Mixed Platforms.ActiveCfg = Release|Win32
		{F919081A-CEF3-41D8-879A-A63ADEBEFFC5}.Vista Release|Mixed Platforms.Build.0 = Release|Win32
		{F919081A-CEF3-41D8-879A-A63ADEBEFFC5}.Vista Release|Win32.ActiveCfg = Release|Win32
		{F919081A-CEF3-41D8-879A-A63ADEBEFFC5}.Vista Release|Win32.Build.0 = Release|Win32
		{F919081A-CEF3-41D8-879A-A63ADEBEFFC5}.Vista Release|x64.ActiveCfg = Release|Win32
		{F919081A-CEF3-41D8-879A-A63ADEBEFFC5}.Win7 Debug|Mixed Platforms.ActiveCfg = Debug|Win32
		{F919081A-CEF3-41D8-879A-A63ADEBEFFC5}.Win7 Debug|Mixed Platforms.Build.0 = Debug|Win32
		{F919081A-CEF3-41D8-879A-A63ADEBEFFC5}.Win7 Debug|Win32.ActiveCfg = Debug|Win32
		{F919081A-CEF3-41D8-879A-A63ADEBEFFC5}.Win7 Debug|Win32.Build.0 = Debug|Win32
		{F919081A-CEF3-41D8-879A-A63ADEBEFFC5}.Win7 Debug|x64.ActiveCfg = Debug|Win32
		{F919081A-CEF3-41D8-879A-A63ADEBEFFC5}.Win7 Release|Mixed Platforms.ActiveCfg = Release|Win32
		{F919081A-CEF3-41D8-879A-A63ADEBEFFC5}.Win7 Release|Mixed Platforms.Build.0 = Release|Win32
		{F919081A-CEF3-41D8-879A-A63ADEBEFFC5}.Win7 Release|Win32.ActiveCfg = Release|Win32
		{F919081A-CEF3-41D8-879A-A63ADEBEFFC5}.Win7 Release|Win32.Build.0 = Release|Win32
		{F919081A-CEF3-41D8-879A-A63ADEBEFFC5}.Win7 Release|x64.ActiveCfg = Release|Win32
		{F919081A-CEF3-41D8-879A-A63ADEBEFFC5}.Win8 Debug|Mixed Platforms.ActiveCfg = Debug|Win32
		{F919081A-CEF3-41D8-879A-A63ADEBEFFC5}.Win8 Debug|Mixed Platforms.Build.0 = Debug|Win32
		{F919081A-CEF3-41D8-879A-A63ADEBEFFC5}.Win8 Debug|Win32.ActiveCfg = Debug|Win32
		{F919081A-CEF3-41D8-879A-A63ADEBEFFC5}.Win8 Debug|Win32.Build.0 = Debug|Win32
		{F919081A-CEF3-41D8-879A-A63ADEBEFFC5}.Win8 Debug|x64.ActiveCfg = Debug|Win32
		{F919081A-CEF3-41D8-879A-A63ADEBEFFC5}.Win8 Release|Mixed Platforms.ActiveCfg = Release|Win32
		{F919081A-CEF3-41D8-879A-A63ADEBEFFC5}.Win8 Release|Mixed Platforms.Build.0 = Release|Win32
		{F919081A-CEF3-41D8-879A-A63ADEBEFFC5}.Win8 Release|Win32.ActiveCfg = Release|Win32
		{F919081A-CEF3-41D8-879A-A63ADEBEFFC5}.Win8 Release|Win32.Build.0 = Release|Win32
		{F919081A-CEF3-41D8-879A-A63ADEBEFFC5}.Win8 Release|x64.ActiveCfg = Release|Win32
	EndGlobalSection
	GlobalSection(SolutionProperties) = preSolution
		HideSolutionNode = FALSE
	EndGlobalSection
EndGlobal
