
Microsoft Visual Studio Solution File, Format Version 10.00
# Visual C++ Express 2008
Project("{8BC9CEB8-8B4A-11D0-8D11-00A0C91BC942}") = "SppInterface", "SppInterface.vcproj", "{874A9E0B-119D-4E4C-8F60-2EBE2FA8A237}"
EndProject
Global
	GlobalSection(SolutionConfigurationPlatforms) = preSolution
		Debug|Win32 = Debug|Win32
		Release|Win32 = Release|Win32
	EndGlobalSection
	GlobalSection(ProjectConfigurationPlatforms) = postSolution
		{874A9E0B-119D-4E4C-8F60-2EBE2FA8A237}.Debug|Win32.ActiveCfg = Debug|Win32
		{874A9E0B-119D-4E4C-8F60-2EBE2FA8A237}.Debug|Win32.Build.0 = Debug|Win32
		{874A9E0B-119D-4E4C-8F60-2EBE2FA8A237}.Release|Win32.ActiveCfg = Release|Win32
		{874A9E0B-119D-4E4C-8F60-2EBE2FA8A237}.Release|Win32.Build.0 = Release|Win32
	EndGlobalSection
	GlobalSection(SolutionProperties) = preSolution
		HideSolutionNode = FALSE
	EndGlobalSection
EndGlobal
