
Microsoft Visual Studio Solution File, Format Version 12.00
# Visual Studio Express 2012 for Windows Desktop
Project("{8BC9CEB8-8B4A-11D0-8D11-00A0C91BC942}") = "SppConsole", "SppConsole\SppConsole.vcxproj", "{50D03AC2-EA69-46EB-AABA-67305DDE5D1D}"
	ProjectSection(ProjectDependencies) = postProject
		{69ACDE52-342D-4753-90FE-0E03B1F537AD} = {69ACDE52-342D-4753-90FE-0E03B1F537AD}
	EndProjectSection
EndProject
Project("{8BC9CEB8-8B4A-11D0-8D11-00A0C91BC942}") = "AudioLib", "SppAudio\AudioLib.vcxproj", "{6D5CE52C-A706-4CAE-85FC-ABB945512A86}"
EndProject
Project("{8BC9CEB8-8B4A-11D0-8D11-00A0C91BC942}") = "SppProcess", "SppProcess\SppProcess.vcxproj", "{69ACDE52-342D-4753-90FE-0E03B1F537AD}"
EndProject
Global
	GlobalSection(SolutionConfigurationPlatforms) = preSolution
		Debug|Win32 = Debug|Win32
		Debug|x64 = Debug|x64
		Release|Win32 = Release|Win32
		Release|x64 = Release|x64
	EndGlobalSection
	GlobalSection(ProjectConfigurationPlatforms) = postSolution
		{50D03AC2-EA69-46EB-AABA-67305DDE5D1D}.Debug|Win32.ActiveCfg = Debug|Win32
		{50D03AC2-EA69-46EB-AABA-67305DDE5D1D}.Debug|Win32.Build.0 = Debug|Win32
		{50D03AC2-EA69-46EB-AABA-67305DDE5D1D}.Debug|Win32.Deploy.0 = Debug|Win32
		{50D03AC2-EA69-46EB-AABA-67305DDE5D1D}.Debug|x64.ActiveCfg = Debug|x64
		{50D03AC2-EA69-46EB-AABA-67305DDE5D1D}.Debug|x64.Build.0 = Debug|x64
		{50D03AC2-EA69-46EB-AABA-67305DDE5D1D}.Debug|x64.Deploy.0 = Debug|x64
		{50D03AC2-EA69-46EB-AABA-67305DDE5D1D}.Release|Win32.ActiveCfg = Release|Win32
		{50D03AC2-EA69-46EB-AABA-67305DDE5D1D}.Release|Win32.Build.0 = Release|Win32
		{50D03AC2-EA69-46EB-AABA-67305DDE5D1D}.Release|Win32.Deploy.0 = Release|Win32
		{50D03AC2-EA69-46EB-AABA-67305DDE5D1D}.Release|x64.ActiveCfg = Release|x64
		{50D03AC2-EA69-46EB-AABA-67305DDE5D1D}.Release|x64.Build.0 = Release|x64
		{50D03AC2-EA69-46EB-AABA-67305DDE5D1D}.Release|x64.Deploy.0 = Release|x64
		{6D5CE52C-A706-4CAE-85FC-ABB945512A86}.Debug|Win32.ActiveCfg = Debug|Win32
		{6D5CE52C-A706-4CAE-85FC-ABB945512A86}.Debug|Win32.Build.0 = Debug|Win32
		{6D5CE52C-A706-4CAE-85FC-ABB945512A86}.Debug|Win32.Deploy.0 = Debug|Win32
		{6D5CE52C-A706-4CAE-85FC-ABB945512A86}.Debug|x64.ActiveCfg = Debug|x64
		{6D5CE52C-A706-4CAE-85FC-ABB945512A86}.Debug|x64.Build.0 = Debug|x64
		{6D5CE52C-A706-4CAE-85FC-ABB945512A86}.Debug|x64.Deploy.0 = Debug|x64
		{6D5CE52C-A706-4CAE-85FC-ABB945512A86}.Release|Win32.ActiveCfg = Release|Win32
		{6D5CE52C-A706-4CAE-85FC-ABB945512A86}.Release|Win32.Build.0 = Release|Win32
		{6D5CE52C-A706-4CAE-85FC-ABB945512A86}.Release|Win32.Deploy.0 = Release|Win32
		{6D5CE52C-A706-4CAE-85FC-ABB945512A86}.Release|x64.ActiveCfg = Release|x64
		{6D5CE52C-A706-4CAE-85FC-ABB945512A86}.Release|x64.Build.0 = Release|x64
		{6D5CE52C-A706-4CAE-85FC-ABB945512A86}.Release|x64.Deploy.0 = Release|x64
		{69ACDE52-342D-4753-90FE-0E03B1F537AD}.Debug|Win32.ActiveCfg = Debug|Win32
		{69ACDE52-342D-4753-90FE-0E03B1F537AD}.Debug|Win32.Build.0 = Debug|Win32
		{69ACDE52-342D-4753-90FE-0E03B1F537AD}.Debug|Win32.Deploy.0 = Debug|Win32
		{69ACDE52-342D-4753-90FE-0E03B1F537AD}.Debug|x64.ActiveCfg = Debug|x64
		{69ACDE52-342D-4753-90FE-0E03B1F537AD}.Debug|x64.Build.0 = Debug|x64
		{69ACDE52-342D-4753-90FE-0E03B1F537AD}.Debug|x64.Deploy.0 = Debug|x64
		{69ACDE52-342D-4753-90FE-0E03B1F537AD}.Release|Win32.ActiveCfg = Release|Win32
		{69ACDE52-342D-4753-90FE-0E03B1F537AD}.Release|Win32.Build.0 = Release|Win32
		{69ACDE52-342D-4753-90FE-0E03B1F537AD}.Release|Win32.Deploy.0 = Release|Win32
		{69ACDE52-342D-4753-90FE-0E03B1F537AD}.Release|x64.ActiveCfg = Release|x64
		{69ACDE52-342D-4753-90FE-0E03B1F537AD}.Release|x64.Build.0 = Release|x64
		{69ACDE52-342D-4753-90FE-0E03B1F537AD}.Release|x64.Deploy.0 = Release|x64
	EndGlobalSection
	GlobalSection(SolutionProperties) = preSolution
		HideSolutionNode = FALSE
	EndGlobalSection
EndGlobal
